
Microsoft Visual Studio Solution File, Format Version 12.00
# Visual Studio Version 17
VisualStudioVersion = 17.7.34031.279
MinimumVisualStudioVersion = 10.0.40219.1
Project("{FAE04EC0-301F-11D3-BF4B-00C04F79EFBC}") = "PetApp", "PetApp.csproj", "{6A45951C-9EE1-4CB4-84B3-A13B6DA65CD4}"
EndProject
Global
	GlobalSection(SolutionConfigurationPlatforms) = preSolution
		Debug|Any CPU = Debug|Any CPU
		Release|Any CPU = Release|Any CPU
	EndGlobalSection
	GlobalSection(ProjectConfigurationPlatforms) = postSolution
		{6A45951C-9EE1-4CB4-84B3-A13B6DA65CD4}.Debug|Any CPU.ActiveCfg = Debug|Any CPU
		{6A45951C-9EE1-4CB4-84B3-A13B6DA65CD4}.Debug|Any CPU.Build.0 = Debug|Any CPU
		{6A45951C-9EE1-4CB4-84B3-A13B6DA65CD4}.Release|Any CPU.ActiveCfg = Release|Any CPU
		{6A45951C-9EE1-4CB4-84B3-A13B6DA65CD4}.Release|Any CPU.Build.0 = Release|Any CPU
	EndGlobalSection
	GlobalSection(SolutionProperties) = preSolution
		HideSolutionNode = FALSE
	EndGlobalSection
	GlobalSection(ExtensibilityGlobals) = postSolution
		SolutionGuid = {70D5C4F6-D9AB-4734-ADAD-0511B42EA55F}
	EndGlobalSection
EndGlobal
