
Microsoft Visual Studio Solution File, Format Version 12.00
# Visual Studio Version 17
VisualStudioVersion = 17.7.34031.279
MinimumVisualStudioVersion = 10.0.40219.1
Project("{FAE04EC0-301F-11D3-BF4B-00C04F79EFBC}") = "UnitTwoNum4", "UnitTwoNum4.csproj", "{777B4E6B-1795-4636-B91B-2667FB3A4556}"
EndProject
Global
	GlobalSection(SolutionConfigurationPlatforms) = preSolution
		Debug|Any CPU = Debug|Any CPU
		Release|Any CPU = Release|Any CPU
	EndGlobalSection
	GlobalSection(ProjectConfigurationPlatforms) = postSolution
		{777B4E6B-1795-4636-B91B-2667FB3A4556}.Debug|Any CPU.ActiveCfg = Debug|Any CPU
		{777B4E6B-1795-4636-B91B-2667FB3A4556}.Debug|Any CPU.Build.0 = Debug|Any CPU
		{777B4E6B-1795-4636-B91B-2667FB3A4556}.Release|Any CPU.ActiveCfg = Release|Any CPU
		{777B4E6B-1795-4636-B91B-2667FB3A4556}.Release|Any CPU.Build.0 = Release|Any CPU
	EndGlobalSection
	GlobalSection(SolutionProperties) = preSolution
		HideSolutionNode = FALSE
	EndGlobalSection
	GlobalSection(ExtensibilityGlobals) = postSolution
		SolutionGuid = {75F83391-F4C8-4F61-ABE5-663F0BD39779}
	EndGlobalSection
EndGlobal
