
Microsoft Visual Studio Solution File, Format Version 12.00
# Visual Studio Version 17
VisualStudioVersion = 17.7.34024.191
MinimumVisualStudioVersion = 10.0.40219.1
Project("{FAE04EC0-301F-11D3-BF4B-00C04F79EFBC}") = "UnitOnetester", "UnitOnetester.csproj", "{15A5546C-81A2-4B17-9218-BDA3B90D7329}"
EndProject
Global
	GlobalSection(SolutionConfigurationPlatforms) = preSolution
		Debug|Any CPU = Debug|Any CPU
		Release|Any CPU = Release|Any CPU
	EndGlobalSection
	GlobalSection(ProjectConfigurationPlatforms) = postSolution
		{15A5546C-81A2-4B17-9218-BDA3B90D7329}.Debug|Any CPU.ActiveCfg = Debug|Any CPU
		{15A5546C-81A2-4B17-9218-BDA3B90D7329}.Debug|Any CPU.Build.0 = Debug|Any CPU
		{15A5546C-81A2-4B17-9218-BDA3B90D7329}.Release|Any CPU.ActiveCfg = Release|Any CPU
		{15A5546C-81A2-4B17-9218-BDA3B90D7329}.Release|Any CPU.Build.0 = Release|Any CPU
	EndGlobalSection
	GlobalSection(SolutionProperties) = preSolution
		HideSolutionNode = FALSE
	EndGlobalSection
	GlobalSection(ExtensibilityGlobals) = postSolution
		SolutionGuid = {986C1F97-8FE7-4544-8A67-7CDA948AAE01}
	EndGlobalSection
EndGlobal
