
Microsoft Visual Studio Solution File, Format Version 12.00
# Visual Studio Version 17
VisualStudioVersion = 17.7.34031.279
MinimumVisualStudioVersion = 10.0.40219.1
Project("{FAE04EC0-301F-11D3-BF4B-00C04F79EFBC}") = "TeamsTab", "TeamsTab.csproj", "{CC2747A9-49ED-49E4-A0ED-194E86D06E05}"
EndProject
Global
	GlobalSection(SolutionConfigurationPlatforms) = preSolution
		Debug|Any CPU = Debug|Any CPU
		Release|Any CPU = Release|Any CPU
	EndGlobalSection
	GlobalSection(ProjectConfigurationPlatforms) = postSolution
		{CC2747A9-49ED-49E4-A0ED-194E86D06E05}.Debug|Any CPU.ActiveCfg = Debug|Any CPU
		{CC2747A9-49ED-49E4-A0ED-194E86D06E05}.Debug|Any CPU.Build.0 = Debug|Any CPU
		{CC2747A9-49ED-49E4-A0ED-194E86D06E05}.Release|Any CPU.ActiveCfg = Release|Any CPU
		{CC2747A9-49ED-49E4-A0ED-194E86D06E05}.Release|Any CPU.Build.0 = Release|Any CPU
	EndGlobalSection
	GlobalSection(SolutionProperties) = preSolution
		HideSolutionNode = FALSE
	EndGlobalSection
	GlobalSection(ExtensibilityGlobals) = postSolution
		SolutionGuid = {52B95003-85A9-41BF-A72C-933ACF48A2D7}
	EndGlobalSection
EndGlobal
