
Microsoft Visual Studio Solution File, Format Version 12.00
# Visual Studio Version 17
VisualStudioVersion = 17.7.34031.279
MinimumVisualStudioVersion = 10.0.40219.1
Project("{FAE04EC0-301F-11D3-BF4B-00C04F79EFBC}") = "Tester", "Tester.csproj", "{A2EEE67F-67D0-4164-ABAE-24DCED4B24A7}"
EndProject
Global
	GlobalSection(SolutionConfigurationPlatforms) = preSolution
		Debug|Any CPU = Debug|Any CPU
		Release|Any CPU = Release|Any CPU
	EndGlobalSection
	GlobalSection(ProjectConfigurationPlatforms) = postSolution
		{A2EEE67F-67D0-4164-ABAE-24DCED4B24A7}.Debug|Any CPU.ActiveCfg = Debug|Any CPU
		{A2EEE67F-67D0-4164-ABAE-24DCED4B24A7}.Debug|Any CPU.Build.0 = Debug|Any CPU
		{A2EEE67F-67D0-4164-ABAE-24DCED4B24A7}.Release|Any CPU.ActiveCfg = Release|Any CPU
		{A2EEE67F-67D0-4164-ABAE-24DCED4B24A7}.Release|Any CPU.Build.0 = Release|Any CPU
	EndGlobalSection
	GlobalSection(SolutionProperties) = preSolution
		HideSolutionNode = FALSE
	EndGlobalSection
	GlobalSection(ExtensibilityGlobals) = postSolution
		SolutionGuid = {59ABF305-279E-4243-A7BC-9D5FAD14E9BC}
	EndGlobalSection
EndGlobal
