
Microsoft Visual Studio Solution File, Format Version 12.00
# Visual Studio Version 17
VisualStudioVersion = 17.7.34024.191
MinimumVisualStudioVersion = 10.0.40219.1
Project("{FAE04EC0-301F-11D3-BF4B-00C04F79EFBC}") = "Var10", "Var10.csproj", "{62AAB369-D80B-40F7-99B0-54FBE47C849D}"
EndProject
Global
	GlobalSection(SolutionConfigurationPlatforms) = preSolution
		Debug|Any CPU = Debug|Any CPU
		Release|Any CPU = Release|Any CPU
	EndGlobalSection
	GlobalSection(ProjectConfigurationPlatforms) = postSolution
		{62AAB369-D80B-40F7-99B0-54FBE47C849D}.Debug|Any CPU.ActiveCfg = Debug|Any CPU
		{62AAB369-D80B-40F7-99B0-54FBE47C849D}.Debug|Any CPU.Build.0 = Debug|Any CPU
		{62AAB369-D80B-40F7-99B0-54FBE47C849D}.Release|Any CPU.ActiveCfg = Release|Any CPU
		{62AAB369-D80B-40F7-99B0-54FBE47C849D}.Release|Any CPU.Build.0 = Release|Any CPU
	EndGlobalSection
	GlobalSection(SolutionProperties) = preSolution
		HideSolutionNode = FALSE
	EndGlobalSection
	GlobalSection(ExtensibilityGlobals) = postSolution
		SolutionGuid = {1ADF0F97-68D7-4F34-98D6-2D945C0A4C54}
	EndGlobalSection
EndGlobal
