
Microsoft Visual Studio Solution File, Format Version 12.00
# Visual Studio Version 17
VisualStudioVersion = 17.7.34024.191
MinimumVisualStudioVersion = 10.0.40219.1
Project("{FAE04EC0-301F-11D3-BF4B-00C04F79EFBC}") = "MyFirstWindowsFormsApp", "MyFirstWindowsFormsApp.csproj", "{DBBAFF82-9613-4837-BC64-74C3BCC652DF}"
EndProject
Global
	GlobalSection(SolutionConfigurationPlatforms) = preSolution
		Debug|Any CPU = Debug|Any CPU
		Release|Any CPU = Release|Any CPU
	EndGlobalSection
	GlobalSection(ProjectConfigurationPlatforms) = postSolution
		{DBBAFF82-9613-4837-BC64-74C3BCC652DF}.Debug|Any CPU.ActiveCfg = Debug|Any CPU
		{DBBAFF82-9613-4837-BC64-74C3BCC652DF}.Debug|Any CPU.Build.0 = Debug|Any CPU
		{DBBAFF82-9613-4837-BC64-74C3BCC652DF}.Release|Any CPU.ActiveCfg = Release|Any CPU
		{DBBAFF82-9613-4837-BC64-74C3BCC652DF}.Release|Any CPU.Build.0 = Release|Any CPU
	EndGlobalSection
	GlobalSection(SolutionProperties) = preSolution
		HideSolutionNode = FALSE
	EndGlobalSection
	GlobalSection(ExtensibilityGlobals) = postSolution
		SolutionGuid = {78ECA8E4-DECD-42A6-92C6-3D3F0801769E}
	EndGlobalSection
EndGlobal
