
Microsoft Visual Studio Solution File, Format Version 12.00
# Visual Studio Version 17
VisualStudioVersion = 17.7.34031.279
MinimumVisualStudioVersion = 10.0.40219.1
Project("{FAE04EC0-301F-11D3-BF4B-00C04F79EFBC}") = "StructToClass", "StructToClass.csproj", "{8DAA0001-CA7D-4DE0-AE6A-2FC90F1E8765}"
EndProject
Global
	GlobalSection(SolutionConfigurationPlatforms) = preSolution
		Debug|Any CPU = Debug|Any CPU
		Release|Any CPU = Release|Any CPU
	EndGlobalSection
	GlobalSection(ProjectConfigurationPlatforms) = postSolution
		{8DAA0001-CA7D-4DE0-AE6A-2FC90F1E8765}.Debug|Any CPU.ActiveCfg = Debug|Any CPU
		{8DAA0001-CA7D-4DE0-AE6A-2FC90F1E8765}.Debug|Any CPU.Build.0 = Debug|Any CPU
		{8DAA0001-CA7D-4DE0-AE6A-2FC90F1E8765}.Release|Any CPU.ActiveCfg = Release|Any CPU
		{8DAA0001-CA7D-4DE0-AE6A-2FC90F1E8765}.Release|Any CPU.Build.0 = Release|Any CPU
	EndGlobalSection
	GlobalSection(SolutionProperties) = preSolution
		HideSolutionNode = FALSE
	EndGlobalSection
	GlobalSection(ExtensibilityGlobals) = postSolution
		SolutionGuid = {7468D3FD-5B7B-41EF-93C6-9C0C14C65FFD}
	EndGlobalSection
EndGlobal
