
Microsoft Visual Studio Solution File, Format Version 12.00
# Visual Studio Version 17
VisualStudioVersion = 17.7.34024.191
MinimumVisualStudioVersion = 10.0.40219.1
Project("{FAE04EC0-301F-11D3-BF4B-00C04F79EFBC}") = "Mandelbrot", "Mandelbrot.csproj", "{2CE504AA-01F3-4820-B2C3-494365370363}"
EndProject
Global
	GlobalSection(SolutionConfigurationPlatforms) = preSolution
		Debug|Any CPU = Debug|Any CPU
		Release|Any CPU = Release|Any CPU
	EndGlobalSection
	GlobalSection(ProjectConfigurationPlatforms) = postSolution
		{2CE504AA-01F3-4820-B2C3-494365370363}.Debug|Any CPU.ActiveCfg = Debug|Any CPU
		{2CE504AA-01F3-4820-B2C3-494365370363}.Debug|Any CPU.Build.0 = Debug|Any CPU
		{2CE504AA-01F3-4820-B2C3-494365370363}.Release|Any CPU.ActiveCfg = Release|Any CPU
		{2CE504AA-01F3-4820-B2C3-494365370363}.Release|Any CPU.Build.0 = Release|Any CPU
	EndGlobalSection
	GlobalSection(SolutionProperties) = preSolution
		HideSolutionNode = FALSE
	EndGlobalSection
	GlobalSection(ExtensibilityGlobals) = postSolution
		SolutionGuid = {EE30A7E0-FD14-4B33-BBF1-0993EA13FC41}
	EndGlobalSection
EndGlobal
